
Microsoft Visual Studio Solution File, Format Version 12.00
# Visual Studio Version 17
VisualStudioVersion = 17.13.35828.75 d17.13
MinimumVisualStudioVersion = 10.0.40219.1
Project("{FAE04EC0-301F-11D3-BF4B-00C04F79EFBC}") = "habilitations2024", "habilitations2024\habilitations2024.csproj", "{2194FF10-49B5-4DC5-BCAF-9B5DBA59B67B}"
EndProject
Global
	GlobalSection(SolutionConfigurationPlatforms) = preSolution
		Debug|Any CPU = Debug|Any CPU
		Release|Any CPU = Release|Any CPU
	EndGlobalSection
	GlobalSection(ProjectConfigurationPlatforms) = postSolution
		{2194FF10-49B5-4DC5-BCAF-9B5DBA59B67B}.Debug|Any CPU.ActiveCfg = Debug|Any CPU
		{2194FF10-49B5-4DC5-BCAF-9B5DBA59B67B}.Debug|Any CPU.Build.0 = Debug|Any CPU
		{2194FF10-49B5-4DC5-BCAF-9B5DBA59B67B}.Release|Any CPU.ActiveCfg = Release|Any CPU
		{2194FF10-49B5-4DC5-BCAF-9B5DBA59B67B}.Release|Any CPU.Build.0 = Release|Any CPU
	EndGlobalSection
	GlobalSection(SolutionProperties) = preSolution
		HideSolutionNode = FALSE
	EndGlobalSection
	GlobalSection(ExtensibilityGlobals) = postSolution
		SolutionGuid = {4EB23587-392C-4FE5-B759-5C93DB3804FB}
	EndGlobalSection
EndGlobal
